
Microsoft Visual Studio Solution File, Format Version 12.00
# Visual Studio Version 16
VisualStudioVersion = 16.0.31129.286
MinimumVisualStudioVersion = 10.0.40219.1
Project("{FAE04EC0-301F-11D3-BF4B-00C04F79EFBC}") = "mvc-homework-fiorella", "mvc-homework-fiorella.csproj", "{55F9F165-D448-44A9-93F4-3559E0FAFFAB}"
EndProject
Global
	GlobalSection(SolutionConfigurationPlatforms) = preSolution
		Debug|Any CPU = Debug|Any CPU
		Release|Any CPU = Release|Any CPU
	EndGlobalSection
	GlobalSection(ProjectConfigurationPlatforms) = postSolution
		{55F9F165-D448-44A9-93F4-3559E0FAFFAB}.Debug|Any CPU.ActiveCfg = Debug|Any CPU
		{55F9F165-D448-44A9-93F4-3559E0FAFFAB}.Debug|Any CPU.Build.0 = Debug|Any CPU
		{55F9F165-D448-44A9-93F4-3559E0FAFFAB}.Release|Any CPU.ActiveCfg = Release|Any CPU
		{55F9F165-D448-44A9-93F4-3559E0FAFFAB}.Release|Any CPU.Build.0 = Release|Any CPU
	EndGlobalSection
	GlobalSection(SolutionProperties) = preSolution
		HideSolutionNode = FALSE
	EndGlobalSection
	GlobalSection(ExtensibilityGlobals) = postSolution
		SolutionGuid = {E51F4517-BAF5-428D-99AC-9C6BAF94D29D}
	EndGlobalSection
EndGlobal
